
Microsoft Visual Studio Solution File, Format Version 12.00
# Visual Studio 2015
Project("{FAE04EC0-301F-11D3-BF4B-00C04F79EFBC}") = "Maze_test_v1_UnityFiles.CSharp.Plugins", "Maze_test_v1_UnityFiles.CSharp.Plugins.csproj", "{8A1BB421-3EA2-50B6-4D8A-E0788456C406}"
EndProject
Project("{FAE04EC0-301F-11D3-BF4B-00C04F79EFBC}") = "Maze_test_v1_UnityFiles.CSharp", "Maze_test_v1_UnityFiles.CSharp.csproj", "{A3383AEE-9856-D9A8-C51C-2B9F38516C2C}"
EndProject
Project("{FAE04EC0-301F-11D3-BF4B-00C04F79EFBC}") = "Maze_test_v1_UnityFiles.CSharp.Editor", "Maze_test_v1_UnityFiles.CSharp.Editor.csproj", "{73AEA483-C33C-A38E-C2EA-F8E80C85B0F6}"
EndProject
Global
	GlobalSection(SolutionConfigurationPlatforms) = preSolution
		Debug|Any CPU = Debug|Any CPU
		Release|Any CPU = Release|Any CPU
	EndGlobalSection
	GlobalSection(ProjectConfigurationPlatforms) = postSolution
		{8A1BB421-3EA2-50B6-4D8A-E0788456C406}.Debug|Any CPU.ActiveCfg = Debug|Any CPU
		{8A1BB421-3EA2-50B6-4D8A-E0788456C406}.Debug|Any CPU.Build.0 = Debug|Any CPU
		{8A1BB421-3EA2-50B6-4D8A-E0788456C406}.Release|Any CPU.ActiveCfg = Release|Any CPU
		{8A1BB421-3EA2-50B6-4D8A-E0788456C406}.Release|Any CPU.Build.0 = Release|Any CPU
		{A3383AEE-9856-D9A8-C51C-2B9F38516C2C}.Debug|Any CPU.ActiveCfg = Debug|Any CPU
		{A3383AEE-9856-D9A8-C51C-2B9F38516C2C}.Debug|Any CPU.Build.0 = Debug|Any CPU
		{A3383AEE-9856-D9A8-C51C-2B9F38516C2C}.Release|Any CPU.ActiveCfg = Release|Any CPU
		{A3383AEE-9856-D9A8-C51C-2B9F38516C2C}.Release|Any CPU.Build.0 = Release|Any CPU
		{73AEA483-C33C-A38E-C2EA-F8E80C85B0F6}.Debug|Any CPU.ActiveCfg = Debug|Any CPU
		{73AEA483-C33C-A38E-C2EA-F8E80C85B0F6}.Debug|Any CPU.Build.0 = Debug|Any CPU
		{73AEA483-C33C-A38E-C2EA-F8E80C85B0F6}.Release|Any CPU.ActiveCfg = Release|Any CPU
		{73AEA483-C33C-A38E-C2EA-F8E80C85B0F6}.Release|Any CPU.Build.0 = Release|Any CPU
	EndGlobalSection
	GlobalSection(SolutionProperties) = preSolution
		HideSolutionNode = FALSE
	EndGlobalSection
EndGlobal
